
Microsoft Visual Studio Solution File, Format Version 12.00
# Visual Studio 15
VisualStudioVersion = 15.0.27428.1
MinimumVisualStudioVersion = 10.0.40219.1
Project("{FAE04EC0-301F-11D3-BF4B-00C04F79EFBC}") = "MobileGrid", "MobileGrid\MobileGrid.csproj", "{DDD1C677-54B9-4E50-A1D8-A42395491654}"
EndProject
Project("{FAE04EC0-301F-11D3-BF4B-00C04F79EFBC}") = "MobileGridWindowsFormsTest", "MobileGridWindowsFormsTest\MobileGridWindowsFormsTest.csproj", "{DED163E5-93AB-4B21-9B19-ACC512C0DCF2}"
EndProject
Global
	GlobalSection(SolutionConfigurationPlatforms) = preSolution
		Debug|Any CPU = Debug|Any CPU
		Release|Any CPU = Release|Any CPU
	EndGlobalSection
	GlobalSection(ProjectConfigurationPlatforms) = postSolution
		{DDD1C677-54B9-4E50-A1D8-A42395491654}.Debug|Any CPU.ActiveCfg = Debug|Any CPU
		{DDD1C677-54B9-4E50-A1D8-A42395491654}.Debug|Any CPU.Build.0 = Debug|Any CPU
		{DDD1C677-54B9-4E50-A1D8-A42395491654}.Release|Any CPU.ActiveCfg = Release|Any CPU
		{DDD1C677-54B9-4E50-A1D8-A42395491654}.Release|Any CPU.Build.0 = Release|Any CPU
		{DED163E5-93AB-4B21-9B19-ACC512C0DCF2}.Debug|Any CPU.ActiveCfg = Debug|Any CPU
		{DED163E5-93AB-4B21-9B19-ACC512C0DCF2}.Debug|Any CPU.Build.0 = Debug|Any CPU
		{DED163E5-93AB-4B21-9B19-ACC512C0DCF2}.Release|Any CPU.ActiveCfg = Release|Any CPU
		{DED163E5-93AB-4B21-9B19-ACC512C0DCF2}.Release|Any CPU.Build.0 = Release|Any CPU
	EndGlobalSection
	GlobalSection(SolutionProperties) = preSolution
		HideSolutionNode = FALSE
	EndGlobalSection
	GlobalSection(ExtensibilityGlobals) = postSolution
		SolutionGuid = {F86620F8-CD0E-4DB2-BF34-151C4AA28DAC}
	EndGlobalSection
EndGlobal
